{
  "name": "portfolio",
  "lockfileVersion": 3,
  "requires": true,
  "packages": {
    "": {
      "dependencies": {
        "appwrite": "^21.5.0"
      }
    },
    "node_modules/appwrite": {
      "version": "21.5.0",
      "resolved": "https://registry.npmjs.org/appwrite/-/appwrite-21.5.0.tgz",
      "integrity": "sha512-643bMRZVYXMluXvSXbdaLAi9qqTJLWbVGguKH4vH6IdKHur6gGIirhCOqAEt33pV4TOFJ55VBu8c/+Ft1ke2SA==",
      "license": "BSD-3-Clause"
    }
  }
}
