{
  "name": "portfolio-1",
  "lockfileVersion": 3,
  "requires": true,
  "packages": {
    "": {
      "dependencies": {
        "@appwrite.io/pink": "^1.0.0",
        "appwrite": "^21.5.0"
      }
    },
    "node_modules/@appwrite.io/pink": {
      "version": "1.0.0",
      "resolved": "https://registry.npmjs.org/@appwrite.io/pink/-/pink-1.0.0.tgz",
      "integrity": "sha512-q/RFlKjtGL7yBfjYkPkHYnhPt9jSMT3zoLRlEIu+G2lt59QWjybELQW17cS8gm1ZBTcncuzoPtVd6x1vrEo5uw==",
      "license": "ISC",
      "dependencies": {
        "@appwrite.io/pink-icons": "1.0.0",
        "normalize.css": "^8.0.1",
        "the-new-css-reset": "^1.11.2"
      }
    },
    "node_modules/@appwrite.io/pink-icons": {
      "version": "1.0.0",
      "resolved": "https://registry.npmjs.org/@appwrite.io/pink-icons/-/pink-icons-1.0.0.tgz",
      "integrity": "sha512-+zpksP07MvOYwhx9AZDFW0pxXQNC2juKwyOQVRAwAOkN1ACSQKPlyytkI1u2ci6CQPWjJe20CzbvBBuRNXOKjA==",
      "license": "ISC"
    },
    "node_modules/appwrite": {
      "version": "21.5.0",
      "resolved": "https://registry.npmjs.org/appwrite/-/appwrite-21.5.0.tgz",
      "integrity": "sha512-643bMRZVYXMluXvSXbdaLAi9qqTJLWbVGguKH4vH6IdKHur6gGIirhCOqAEt33pV4TOFJ55VBu8c/+Ft1ke2SA==",
      "license": "BSD-3-Clause"
    },
    "node_modules/normalize.css": {
      "version": "8.0.1",
      "resolved": "https://registry.npmjs.org/normalize.css/-/normalize.css-8.0.1.tgz",
      "integrity": "sha512-qizSNPO93t1YUuUhP22btGOo3chcvDFqFaj2TRybP0DMxkHOCTYwp3n34fel4a31ORXy4m1Xq0Gyqpb5m33qIg==",
      "license": "MIT"
    },
    "node_modules/the-new-css-reset": {
      "version": "1.11.3",
      "resolved": "https://registry.npmjs.org/the-new-css-reset/-/the-new-css-reset-1.11.3.tgz",
      "integrity": "sha512-61SB81vu9foUyEIqoU1CeqxrdlsVjJojj/CBXoG8BdvlKFsllB0Rza63DblnRqH+3uttPj3FGWo7+c9nu7MT+A==",
      "license": "MIT"
    }
  }
}
